<?xml version="1.0" encoding="utf-8"?>
<Project ToolsVersion="4.0" xmlns="http://schemas.microsoft.com/developer/msbuild/2003">
  <ItemGroup>
    <Filter Include="Source Files">
      <UniqueIdentifier>{4FC737F1-C7A5-4376-A066-2A32D752A2FF}</UniqueIdentifier>
      <Extensions>cpp;c;cc;cxx;def;odl;idl;hpj;bat;asm;asmx</Extensions>
    </Filter>
    <Filter Include="Resource Files">
      <UniqueIdentifier>{67DA6AB6-F800-4c08-8B7A-83BB121AAD01}</UniqueIdentifier>
      <Extensions>rc;ico;cur;bmp;dlg;rc2;rct;bin;rgs;gif;jpg;jpeg;jpe;resx;tiff;tif;png;wav</Extensions>
    </Filter>
    <Filter Include="Header Files">
      <UniqueIdentifier>{93995380-89BD-4b04-88EB-625FBE52EBFB}</UniqueIdentifier>
      <Extensions>h;hpp;hxx;hm;inl;inc;xsd</Extensions>
    </Filter>
  </ItemGroup>
  <ItemGroup>
    <ClCompile Include="AssemblyInfo.cpp">
      <Filter>Source Files</Filter>
    </ClCompile>
    <ClCompile Include="CameraParametersManaged.cpp">
      <Filter>Source Files</Filter>
    </ClCompile>
    <ClCompile Include="CounterManaged.cpp">
      <Filter>Source Files</Filter>
    </ClCompile>
    <ClCompile Include="CounterManagerWrapper.cpp">
      <Filter>Source Files</Filter>
    </ClCompile>
    <ClCompile Include="CounterStatsManaged.cpp">
      <Filter>Source Files</Filter>
    </ClCompile>
    <ClCompile Include="UmiCounterOperatingModes.cpp">
      <Filter>Source Files</Filter>
    </ClCompile>
    <ClCompile Include="CounterTrainingModelManaged.cpp">
      <Filter>Source Files</Filter>
    </ClCompile>
    <ClCompile Include="StatusSnapshotManaged.cpp">
      <Filter>Source Files</Filter>
    </ClCompile>
    <ClCompile Include="Stdafx.cpp">
      <Filter>Source Files</Filter>
    </ClCompile>
    <ClCompile Include="UmiClass.cpp">
      <Filter>Source Files</Filter>
    </ClCompile>
    <ClCompile Include="UmiClassList.cpp">
      <Filter>Source Files</Filter>
    </ClCompile>
    <ClCompile Include="UmiClassStatistic.cpp">
      <Filter>Source Files</Filter>
    </ClCompile>
    <ClCompile Include="UmiFeatureFileIO.cpp">
      <Filter>Source Files</Filter>
    </ClCompile>
    <ClCompile Include="UmiFeatureVector.cpp">
      <Filter>Source Files</Filter>
    </ClCompile>
    <ClCompile Include="UmiFeatureVectorList.cpp">
      <Filter>Source Files</Filter>
    </ClCompile>
    <ClCompile Include="UmiGoalKeeper.cpp">
      <Filter>Source Files</Filter>
    </ClCompile>
    <ClCompile Include="UmiInstallationConfig.cpp">
      <Filter>Source Files</Filter>
    </ClCompile>
    <ClCompile Include="UmiInterface.cpp">
      <Filter>Source Files</Filter>
    </ClCompile>
    <ClCompile Include="UmiKKStr.cpp">
      <Filter>Source Files</Filter>
    </ClCompile>
    <ClCompile Include="UmiMethods.cpp">
      <Filter>Source Files</Filter>
    </ClCompile>
    <ClCompile Include="UmiMsgQueue.cpp">
      <Filter>Source Files</Filter>
    </ClCompile>
    <ClCompile Include="UmiOperatingParameters.cpp">
      <Filter>Source Files</Filter>
    </ClCompile>
    <ClCompile Include="UmiOSservices.cpp">
      <Filter>Source Files</Filter>
    </ClCompile>
    <ClCompile Include="UmiParticleEntry.cpp">
      <Filter>Source Files</Filter>
    </ClCompile>
    <ClCompile Include="UmiPrediction.cpp">
      <Filter>Source Files</Filter>
    </ClCompile>
    <ClCompile Include="UmiPredictionList.cpp">
      <Filter>Source Files</Filter>
    </ClCompile>
    <ClCompile Include="UmiRaster.cpp">
      <Filter>Source Files</Filter>
    </ClCompile>
    <ClCompile Include="UmiRunLog.cpp">
      <Filter>Source Files</Filter>
    </ClCompile>
    <ClCompile Include="UmiScannerClock.cpp">
      <Filter>Source Files</Filter>
    </ClCompile>
    <ClCompile Include="UmiScannerFile.cpp">
      <Filter>Source Files</Filter>
    </ClCompile>
    <ClCompile Include="UmiScannerFileBuffered.cpp">
      <Filter>Source Files</Filter>
    </ClCompile>
    <ClCompile Include="UmiScannerFrame.cpp">
      <Filter>Source Files</Filter>
    </ClCompile>
    <ClCompile Include="UmiScannerHeaderFields.cpp">
      <Filter>Source Files</Filter>
    </ClCompile>
    <ClCompile Include="UmiSessionParameters.cpp">
      <Filter>Source Files</Filter>
    </ClCompile>
    <ClCompile Include="UmiShrimpLengthComputer.cpp">
      <Filter>Source Files</Filter>
    </ClCompile>
    <ClCompile Include="UmiStartStopPoint.cpp">
      <Filter>Source Files</Filter>
    </ClCompile>
    <ClCompile Include="UmiTrainingClass.cpp">
      <Filter>Source Files</Filter>
    </ClCompile>
    <ClCompile Include="UmiTrainingConfiguration.cpp">
      <Filter>Source Files</Filter>
    </ClCompile>
    <ClCompile Include="UmiTrainingModel2.cpp">
      <Filter>Source Files</Filter>
    </ClCompile>
    <ClCompile Include="UmiVariables.cpp">
      <Filter>Source Files</Filter>
    </ClCompile>
    <ClCompile Include="UnManagedInterface.cpp">
      <Filter>Source Files</Filter>
    </ClCompile>
    <ClCompile Include="UmiCounterState.cpp">
      <Filter>Source Files</Filter>
    </ClCompile>
  </ItemGroup>
  <ItemGroup>
    <Image Include="app.ico">
      <Filter>Resource Files</Filter>
    </Image>
  </ItemGroup>
  <ItemGroup>
    <ResourceCompile Include="app.rc">
      <Filter>Resource Files</Filter>
    </ResourceCompile>
  </ItemGroup>
  <ItemGroup>
    <ClInclude Include="CameraParametersManaged.h">
      <Filter>Header Files</Filter>
    </ClInclude>
    <ClInclude Include="CounterManaged.h">
      <Filter>Header Files</Filter>
    </ClInclude>
    <ClInclude Include="CounterManagerWrapper.h">
      <Filter>Header Files</Filter>
    </ClInclude>
    <ClInclude Include="CounterStatsManaged.h">
      <Filter>Header Files</Filter>
    </ClInclude>
    <ClInclude Include="UmiCounterOperatingModes.h">
      <Filter>Header Files</Filter>
    </ClInclude>
    <ClInclude Include="CounterTrainingModelManaged.h">
      <Filter>Header Files</Filter>
    </ClInclude>
    <ClInclude Include="resource.h">
      <Filter>Header Files</Filter>
    </ClInclude>
    <ClInclude Include="StatusSnapshotManaged.h">
      <Filter>Header Files</Filter>
    </ClInclude>
    <ClInclude Include="Stdafx.h">
      <Filter>Header Files</Filter>
    </ClInclude>
    <ClInclude Include="UmiClass.h">
      <Filter>Header Files</Filter>
    </ClInclude>
    <ClInclude Include="UmiClassList.h">
      <Filter>Header Files</Filter>
    </ClInclude>
    <ClInclude Include="UmiClassStatistic.h">
      <Filter>Header Files</Filter>
    </ClInclude>
    <ClInclude Include="UmiFeatureFileIO.h">
      <Filter>Header Files</Filter>
    </ClInclude>
    <ClInclude Include="UmiFeatureVector.h">
      <Filter>Header Files</Filter>
    </ClInclude>
    <ClInclude Include="UmiFeatureVectorList.h">
      <Filter>Header Files</Filter>
    </ClInclude>
    <ClInclude Include="UmiGoalKeeper.h">
      <Filter>Header Files</Filter>
    </ClInclude>
    <ClInclude Include="UmiInstallationConfig.h">
      <Filter>Header Files</Filter>
    </ClInclude>
    <ClInclude Include="UmiInterface.h">
      <Filter>Header Files</Filter>
    </ClInclude>
    <ClInclude Include="UmiKKStr.h">
      <Filter>Header Files</Filter>
    </ClInclude>
    <ClInclude Include="UmiMethods.h">
      <Filter>Header Files</Filter>
    </ClInclude>
    <ClInclude Include="UmiMsgQueue.h">
      <Filter>Header Files</Filter>
    </ClInclude>
    <ClInclude Include="UmiOperatingParameters.h">
      <Filter>Header Files</Filter>
    </ClInclude>
    <ClInclude Include="UmiOSservices.h">
      <Filter>Header Files</Filter>
    </ClInclude>
    <ClInclude Include="UmiParticleEntry.h">
      <Filter>Header Files</Filter>
    </ClInclude>
    <ClInclude Include="UmiPrediction.h">
      <Filter>Header Files</Filter>
    </ClInclude>
    <ClInclude Include="UmiPredictionList.h">
      <Filter>Header Files</Filter>
    </ClInclude>
    <ClInclude Include="UmiRaster.h">
      <Filter>Header Files</Filter>
    </ClInclude>
    <ClInclude Include="UmiRunLog.h">
      <Filter>Header Files</Filter>
    </ClInclude>
    <ClInclude Include="UmiScannerClock.h">
      <Filter>Header Files</Filter>
    </ClInclude>
    <ClInclude Include="UmiScannerFile.h">
      <Filter>Header Files</Filter>
    </ClInclude>
    <ClInclude Include="UmiScannerFileBuffered.h">
      <Filter>Header Files</Filter>
    </ClInclude>
    <ClInclude Include="UmiScannerFrame.h">
      <Filter>Header Files</Filter>
    </ClInclude>
    <ClInclude Include="UmiScannerHeaderFields.h">
      <Filter>Header Files</Filter>
    </ClInclude>
    <ClInclude Include="UmiSessionParameters.h">
      <Filter>Header Files</Filter>
    </ClInclude>
    <ClInclude Include="UmiShrimpLengthComputer.h">
      <Filter>Header Files</Filter>
    </ClInclude>
    <ClInclude Include="UmiStartStopPoint.h">
      <Filter>Header Files</Filter>
    </ClInclude>
    <ClInclude Include="UmiTrainingClass.h">
      <Filter>Header Files</Filter>
    </ClInclude>
    <ClInclude Include="UmiTrainingConfiguration.h">
      <Filter>Header Files</Filter>
    </ClInclude>
    <ClInclude Include="UmiTrainingModel2.h">
      <Filter>Header Files</Filter>
    </ClInclude>
    <ClInclude Include="UmiVariables.h">
      <Filter>Header Files</Filter>
    </ClInclude>
    <ClInclude Include="UnManagedInterface.h">
      <Filter>Header Files</Filter>
    </ClInclude>
    <ClInclude Include="UmiCounterState.h">
      <Filter>Source Files</Filter>
    </ClInclude>
  </ItemGroup>
  <ItemGroup>
    <Text Include="ReadMe.txt" />
  </ItemGroup>
</Project>