<?xml version="1.0" encoding="utf-8"?>
<Project ToolsVersion="4.0" xmlns="http://schemas.microsoft.com/developer/msbuild/2003">
  <ItemGroup>
    <Filter Include="Source Files">
      <UniqueIdentifier>{4FC737F1-C7A5-4376-A066-2A32D752A2FF}</UniqueIdentifier>
      <Extensions>cpp;c;cc;cxx;def;odl;idl;hpj;bat;asm;asmx</Extensions>
    </Filter>
    <Filter Include="Header Files">
      <UniqueIdentifier>{93995380-89BD-4b04-88EB-625FBE52EBFB}</UniqueIdentifier>
      <Extensions>h;hpp;hxx;hm;inl;inc;xsd</Extensions>
    </Filter>
    <Filter Include="Resource Files">
      <UniqueIdentifier>{67DA6AB6-F800-4c08-8B7A-83BB121AAD01}</UniqueIdentifier>
      <Extensions>rc;ico;cur;bmp;dlg;rc2;rct;bin;rgs;gif;jpg;jpeg;jpe;resx;tiff;tif;png;wav</Extensions>
    </Filter>
  </ItemGroup>
  <ItemGroup>
    <ClCompile Include="CameraAcquisition.cpp">
      <Filter>Source Files</Filter>
    </ClCompile>
    <ClCompile Include="CameraAcquisitionPleora.cpp">
      <Filter>Source Files</Filter>
    </ClCompile>
    <ClCompile Include="CameraAcquisitionSimulator.cpp">
      <Filter>Source Files</Filter>
    </ClCompile>
    <ClCompile Include="CameraAutoGainThread.cpp">
      <Filter>Source Files</Filter>
    </ClCompile>
    <ClCompile Include="CameraFlatFieldCorrection.cpp">
      <Filter>Source Files</Filter>
    </ClCompile>
    <ClCompile Include="CameraFrame.cpp">
      <Filter>Source Files</Filter>
    </ClCompile>
    <ClCompile Include="CameraFrameBuffer.cpp">
      <Filter>Source Files</Filter>
    </ClCompile>
    <ClCompile Include="CameraParameters.cpp">
      <Filter>Source Files</Filter>
    </ClCompile>
    <ClCompile Include="CameraThread.cpp">
      <Filter>Source Files</Filter>
    </ClCompile>
    <ClCompile Include="ConnectButtonThread.cpp">
      <Filter>Source Files</Filter>
    </ClCompile>
    <ClCompile Include="DiskWriterThread.cpp">
      <Filter>Source Files</Filter>
    </ClCompile>
    <ClCompile Include="InstallationConfig.cpp">
      <Filter>Source Files</Filter>
    </ClCompile>
    <ClCompile Include="LarcosCounterManager.cpp">
      <Filter>Source Files</Filter>
    </ClCompile>
    <ClCompile Include="LarcosCounterStats.cpp">
      <Filter>Source Files</Filter>
    </ClCompile>
    <ClCompile Include="LarcosDataRec.cpp">
      <Filter>Source Files</Filter>
    </ClCompile>
    <ClCompile Include="LarcosFeatureVector.cpp">
      <Filter>Source Files</Filter>
    </ClCompile>
    <ClCompile Include="LarcosFVProducer.cpp">
      <Filter>Source Files</Filter>
    </ClCompile>
    <ClCompile Include="LarcosScannerFileEntry.cpp">
      <Filter>Source Files</Filter>
    </ClCompile>
    <ClCompile Include="LarcosTrainingConfiguration.cpp">
      <Filter>Source Files</Filter>
    </ClCompile>
    <ClCompile Include="LarcosTrainingModel.cpp">
      <Filter>Source Files</Filter>
    </ClCompile>
    <ClCompile Include="LoggerThread.cpp">
      <Filter>Source Files</Filter>
    </ClCompile>
    <ClCompile Include="LogicalFrame.cpp">
      <Filter>Source Files</Filter>
    </ClCompile>
    <ClCompile Include="LogicalFrameBuilder.cpp">
      <Filter>Source Files</Filter>
    </ClCompile>
    <ClCompile Include="LogicalFrameEntry.cpp">
      <Filter>Source Files</Filter>
    </ClCompile>
    <ClCompile Include="LogicalFrameProcessor.cpp">
      <Filter>Source Files</Filter>
    </ClCompile>
    <ClCompile Include="OperatingParameters.cpp">
      <Filter>Source Files</Filter>
    </ClCompile>
    <ClCompile Include="ParticleEntry.cpp">
      <Filter>Source Files</Filter>
    </ClCompile>
    <ClCompile Include="PlayBackButtonThread.cpp">
      <Filter>Source Files</Filter>
    </ClCompile>
    <ClCompile Include="PostLarvaeFV.cpp">
      <Filter>Source Files</Filter>
    </ClCompile>
    <ClCompile Include="PostLarvaeFVProducer.cpp">
      <Filter>Source Files</Filter>
    </ClCompile>
    <ClCompile Include="RecordButtonThread.cpp">
      <Filter>Source Files</Filter>
    </ClCompile>
    <ClCompile Include="ReportWriterThread.cpp">
      <Filter>Source Files</Filter>
    </ClCompile>
    <ClCompile Include="SessionLogger.cpp">
      <Filter>Source Files</Filter>
    </ClCompile>
    <ClCompile Include="SessionParameters.cpp">
      <Filter>Source Files</Filter>
    </ClCompile>
    <ClCompile Include="ShrimpLengthComputer.cpp">
      <Filter>Source Files</Filter>
    </ClCompile>
    <ClCompile Include="StatusSnapshot.cpp">
      <Filter>Source Files</Filter>
    </ClCompile>
    <ClCompile Include="StatusSnapshotThread.cpp">
      <Filter>Source Files</Filter>
    </ClCompile>
    <ClCompile Include="StopButtonThread.cpp">
      <Filter>Source Files</Filter>
    </ClCompile>
    <ClCompile Include="FeatureFileIOKK.cpp">
      <Filter>Source Files</Filter>
    </ClCompile>
  </ItemGroup>
  <ItemGroup>
    <ClInclude Include="CameraAcquisition.h">
      <Filter>Header Files</Filter>
    </ClInclude>
    <ClInclude Include="CameraAcquisitionPleora.h">
      <Filter>Header Files</Filter>
    </ClInclude>
    <ClInclude Include="CameraAcquisitionSimulator.h">
      <Filter>Header Files</Filter>
    </ClInclude>
    <ClInclude Include="CameraAutoGainThread.h">
      <Filter>Header Files</Filter>
    </ClInclude>
    <ClInclude Include="CameraFlatFieldCorrection.h">
      <Filter>Header Files</Filter>
    </ClInclude>
    <ClInclude Include="CameraFrame.h">
      <Filter>Header Files</Filter>
    </ClInclude>
    <ClInclude Include="CameraFrameBuffer.h">
      <Filter>Header Files</Filter>
    </ClInclude>
    <ClInclude Include="CameraParameters.h">
      <Filter>Header Files</Filter>
    </ClInclude>
    <ClInclude Include="CameraThread.h">
      <Filter>Header Files</Filter>
    </ClInclude>
    <ClInclude Include="ConnectButtonThread.h">
      <Filter>Header Files</Filter>
    </ClInclude>
    <ClInclude Include="DiskWriterThread.h">
      <Filter>Header Files</Filter>
    </ClInclude>
    <ClInclude Include="InstallationConfig.h">
      <Filter>Header Files</Filter>
    </ClInclude>
    <ClInclude Include="LarcosCounterManager.h">
      <Filter>Header Files</Filter>
    </ClInclude>
    <ClInclude Include="LarcosCounterStats.h">
      <Filter>Header Files</Filter>
    </ClInclude>
    <ClInclude Include="LarcosDataRec.h">
      <Filter>Header Files</Filter>
    </ClInclude>
    <ClInclude Include="LarcosFeatureVector.h">
      <Filter>Header Files</Filter>
    </ClInclude>
    <ClInclude Include="LarcosFVProducer.h">
      <Filter>Header Files</Filter>
    </ClInclude>
    <ClInclude Include="LarcosScannerFileEntry.h">
      <Filter>Header Files</Filter>
    </ClInclude>
    <ClInclude Include="LarcosTrainingConfiguration.h">
      <Filter>Header Files</Filter>
    </ClInclude>
    <ClInclude Include="LarcosTrainingModel.h">
      <Filter>Header Files</Filter>
    </ClInclude>
    <ClInclude Include="LoggerThread.h">
      <Filter>Header Files</Filter>
    </ClInclude>
    <ClInclude Include="LogicalFrame.h">
      <Filter>Header Files</Filter>
    </ClInclude>
    <ClInclude Include="LogicalFrameBuilder.h">
      <Filter>Header Files</Filter>
    </ClInclude>
    <ClInclude Include="LogicalFrameEntry.h">
      <Filter>Header Files</Filter>
    </ClInclude>
    <ClInclude Include="LogicalFrameProcessor.h">
      <Filter>Header Files</Filter>
    </ClInclude>
    <ClInclude Include="OperatingParameters.h">
      <Filter>Header Files</Filter>
    </ClInclude>
    <ClInclude Include="ParticleEntry.h">
      <Filter>Header Files</Filter>
    </ClInclude>
    <ClInclude Include="PlayBackButtonThread.h">
      <Filter>Header Files</Filter>
    </ClInclude>
    <ClInclude Include="PostLarvaeFV.h">
      <Filter>Header Files</Filter>
    </ClInclude>
    <ClInclude Include="PostLarvaeFVProducer.h">
      <Filter>Header Files</Filter>
    </ClInclude>
    <ClInclude Include="PreClassDefinitions.h">
      <Filter>Header Files</Filter>
    </ClInclude>
    <ClInclude Include="RecordButtonThread.h">
      <Filter>Header Files</Filter>
    </ClInclude>
    <ClInclude Include="ReportWriterThread.h">
      <Filter>Header Files</Filter>
    </ClInclude>
    <ClInclude Include="SessionLogger.h">
      <Filter>Header Files</Filter>
    </ClInclude>
    <ClInclude Include="SessionParameters.h">
      <Filter>Header Files</Filter>
    </ClInclude>
    <ClInclude Include="ShrimpLengthComputer.h">
      <Filter>Header Files</Filter>
    </ClInclude>
    <ClInclude Include="StatusSnapshot.h">
      <Filter>Header Files</Filter>
    </ClInclude>
    <ClInclude Include="StatusSnapshotThread.h">
      <Filter>Header Files</Filter>
    </ClInclude>
    <ClInclude Include="StopButtonThread.h">
      <Filter>Header Files</Filter>
    </ClInclude>
    <ClInclude Include="FeatureFileIOKK.h">
      <Filter>Header Files</Filter>
    </ClInclude>
  </ItemGroup>
  <ItemGroup>
    <Text Include="ReadMe.txt" />
  </ItemGroup>
</Project>